# This file is automatically generated by selene.
# Do not edit this file manually.
# You probably want to commit this to your repository.
version = 1
[plugin_hubs."github.com/Kampfkarren/selene-plugin-hub-test"]
sha512 = "7a2c678c584973d47271751fb4596b14c6c398a64710631e0d689f719e5653553757bc20904190d13a1c9c46e67052926c2479622a9646e0101c9a3c41258599"
commit = "c49aa82"
